// !$*UTF8*$!
{
	archiveVersion = 1;
	classes = {
	};
	objectVersion = 56;
	objects = {

/* Begin PBXBuildFile section */
		711865BA2A15345B00A2C57E /* SwiftCoinTutorialApp.swift in Sources */ = {isa = PBXBuildFile; fileRef = 711865B92A15345B00A2C57E /* SwiftCoinTutorialApp.swift */; };
		711865BE2A15345C00A2C57E /* Assets.xcassets in Resources */ = {isa = PBXBuildFile; fileRef = 711865BD2A15345C00A2C57E /* Assets.xcassets */; };
		711865C12A15345C00A2C57E /* Preview Assets.xcassets in Resources */ = {isa = PBXBuildFile; fileRef = 711865C02A15345C00A2C57E /* Preview Assets.xcassets */; };
		711865D02A15364C00A2C57E /* HomeView.swift in Sources */ = {isa = PBXBuildFile; fileRef = 711865CF2A15364C00A2C57E /* HomeView.swift */; };
		711865D22A1537E000A2C57E /* TopMoversView.swift in Sources */ = {isa = PBXBuildFile; fileRef = 711865D12A1537E000A2C57E /* TopMoversView.swift */; };
		711865D62A15380A00A2C57E /* TopMoversItemView.swift in Sources */ = {isa = PBXBuildFile; fileRef = 711865D52A15380A00A2C57E /* TopMoversItemView.swift */; };
		711865D82A153C9400A2C57E /* AllCoinsView.swift in Sources */ = {isa = PBXBuildFile; fileRef = 711865D72A153C9400A2C57E /* AllCoinsView.swift */; };
		711865DA2A153CAF00A2C57E /* CoinRowView.swift in Sources */ = {isa = PBXBuildFile; fileRef = 711865D92A153CAF00A2C57E /* CoinRowView.swift */; };
		711865F72A154B7500A2C57E /* HomeViewModel.swift in Sources */ = {isa = PBXBuildFile; fileRef = 711865F62A154B7500A2C57E /* HomeViewModel.swift */; };
		711865F92A154F2B00A2C57E /* Coin.swift in Sources */ = {isa = PBXBuildFile; fileRef = 711865F82A154F2B00A2C57E /* Coin.swift */; };
		711865FC2A155F6000A2C57E /* Kingfisher in Frameworks */ = {isa = PBXBuildFile; productRef = 711865FB2A155F6000A2C57E /* Kingfisher */; };
		711865FE2A156A0500A2C57E /* Double.swift in Sources */ = {isa = PBXBuildFile; fileRef = 711865FD2A156A0500A2C57E /* Double.swift */; };
		711866022A156DDF00A2C57E /* CoinDetailsView.swift in Sources */ = {isa = PBXBuildFile; fileRef = 711866012A156DDF00A2C57E /* CoinDetailsView.swift */; };
		711866042A156FE400A2C57E /* Color.swift in Sources */ = {isa = PBXBuildFile; fileRef = 711866032A156FE400A2C57E /* Color.swift */; };
		71BC13062A673A06000DF7F0 /* CoinDetailsSectionView.swift in Sources */ = {isa = PBXBuildFile; fileRef = 71BC13052A673A06000DF7F0 /* CoinDetailsSectionView.swift */; };
		71BC13082A673A46000DF7F0 /* StatisticView.swift in Sources */ = {isa = PBXBuildFile; fileRef = 71BC13072A673A46000DF7F0 /* StatisticView.swift */; };
		71BC13112A673F2D000DF7F0 /* StatisticModel.swift in Sources */ = {isa = PBXBuildFile; fileRef = 71BC13102A673F2D000DF7F0 /* StatisticModel.swift */; };
		71BC13132A673FA4000DF7F0 /* PreviewProvider.swift in Sources */ = {isa = PBXBuildFile; fileRef = 71BC13122A673FA4000DF7F0 /* PreviewProvider.swift */; };
		71BC13172A674467000DF7F0 /* CoinDetailSectionModel.swift in Sources */ = {isa = PBXBuildFile; fileRef = 71BC13162A674467000DF7F0 /* CoinDetailSectionModel.swift */; };
		71BC13192A674B6E000DF7F0 /* CustomLoadingIndicator.swift in Sources */ = {isa = PBXBuildFile; fileRef = 71BC13182A674B6E000DF7F0 /* CustomLoadingIndicator.swift */; };
		71BC131B2A675225000DF7F0 /* CoinDetailsViewModel.swift in Sources */ = {isa = PBXBuildFile; fileRef = 71BC131A2A675225000DF7F0 /* CoinDetailsViewModel.swift */; };
		71BC131D2A6757B0000DF7F0 /* ChatData.swift in Sources */ = {isa = PBXBuildFile; fileRef = 71BC131C2A6757B0000DF7F0 /* ChatData.swift */; };
		71BC13212A6770D5000DF7F0 /* Date.swift in Sources */ = {isa = PBXBuildFile; fileRef = 71BC13202A6770D5000DF7F0 /* Date.swift */; };
		71BC13232A677195000DF7F0 /* ChartView.swift in Sources */ = {isa = PBXBuildFile; fileRef = 71BC13222A677195000DF7F0 /* ChartView.swift */; };
/* End PBXBuildFile section */

/* Begin PBXFileReference section */
		711865B62A15345B00A2C57E /* SwiftCoinTutorial.app */ = {isa = PBXFileReference; explicitFileType = wrapper.application; includeInIndex = 0; path = SwiftCoinTutorial.app; sourceTree = BUILT_PRODUCTS_DIR; };
		711865B92A15345B00A2C57E /* SwiftCoinTutorialApp.swift */ = {isa = PBXFileReference; lastKnownFileType = sourcecode.swift; path = SwiftCoinTutorialApp.swift; sourceTree = "<group>"; };
		711865BD2A15345C00A2C57E /* Assets.xcassets */ = {isa = PBXFileReference; lastKnownFileType = folder.assetcatalog; path = Assets.xcassets; sourceTree = "<group>"; };
		711865C02A15345C00A2C57E /* Preview Assets.xcassets */ = {isa = PBXFileReference; lastKnownFileType = folder.assetcatalog; path = "Preview Assets.xcassets"; sourceTree = "<group>"; };
		711865CF2A15364C00A2C57E /* HomeView.swift */ = {isa = PBXFileReference; lastKnownFileType = sourcecode.swift; path = HomeView.swift; sourceTree = "<group>"; };
		711865D12A1537E000A2C57E /* TopMoversView.swift */ = {isa = PBXFileReference; lastKnownFileType = sourcecode.swift; path = TopMoversView.swift; sourceTree = "<group>"; };
		711865D52A15380A00A2C57E /* TopMoversItemView.swift */ = {isa = PBXFileReference; lastKnownFileType = sourcecode.swift; path = TopMoversItemView.swift; sourceTree = "<group>"; };
		711865D72A153C9400A2C57E /* AllCoinsView.swift */ = {isa = PBXFileReference; lastKnownFileType = sourcecode.swift; path = AllCoinsView.swift; sourceTree = "<group>"; };
		711865D92A153CAF00A2C57E /* CoinRowView.swift */ = {isa = PBXFileReference; lastKnownFileType = sourcecode.swift; path = CoinRowView.swift; sourceTree = "<group>"; };
		711865F62A154B7500A2C57E /* HomeViewModel.swift */ = {isa = PBXFileReference; lastKnownFileType = sourcecode.swift; path = HomeViewModel.swift; sourceTree = "<group>"; };
		711865F82A154F2B00A2C57E /* Coin.swift */ = {isa = PBXFileReference; lastKnownFileType = sourcecode.swift; path = Coin.swift; sourceTree = "<group>"; };
		711865FD2A156A0500A2C57E /* Double.swift */ = {isa = PBXFileReference; lastKnownFileType = sourcecode.swift; path = Double.swift; sourceTree = "<group>"; };
		711866012A156DDF00A2C57E /* CoinDetailsView.swift */ = {isa = PBXFileReference; lastKnownFileType = sourcecode.swift; path = CoinDetailsView.swift; sourceTree = "<group>"; };
		711866032A156FE400A2C57E /* Color.swift */ = {isa = PBXFileReference; lastKnownFileType = sourcecode.swift; path = Color.swift; sourceTree = "<group>"; };
		71BC13052A673A06000DF7F0 /* CoinDetailsSectionView.swift */ = {isa = PBXFileReference; lastKnownFileType = sourcecode.swift; path = CoinDetailsSectionView.swift; sourceTree = "<group>"; };
		71BC13072A673A46000DF7F0 /* StatisticView.swift */ = {isa = PBXFileReference; lastKnownFileType = sourcecode.swift; path = StatisticView.swift; sourceTree = "<group>"; };
		71BC13102A673F2D000DF7F0 /* StatisticModel.swift */ = {isa = PBXFileReference; lastKnownFileType = sourcecode.swift; path = StatisticModel.swift; sourceTree = "<group>"; };
		71BC13122A673FA4000DF7F0 /* PreviewProvider.swift */ = {isa = PBXFileReference; lastKnownFileType = sourcecode.swift; path = PreviewProvider.swift; sourceTree = "<group>"; };
		71BC13162A674467000DF7F0 /* CoinDetailSectionModel.swift */ = {isa = PBXFileReference; lastKnownFileType = sourcecode.swift; path = CoinDetailSectionModel.swift; sourceTree = "<group>"; };
		71BC13182A674B6E000DF7F0 /* CustomLoadingIndicator.swift */ = {isa = PBXFileReference; lastKnownFileType = sourcecode.swift; path = CustomLoadingIndicator.swift; sourceTree = "<group>"; };
		71BC131A2A675225000DF7F0 /* CoinDetailsViewModel.swift */ = {isa = PBXFileReference; lastKnownFileType = sourcecode.swift; path = CoinDetailsViewModel.swift; sourceTree = "<group>"; };
		71BC131C2A6757B0000DF7F0 /* ChatData.swift */ = {isa = PBXFileReference; lastKnownFileType = sourcecode.swift; path = ChatData.swift; sourceTree = "<group>"; };
		71BC13202A6770D5000DF7F0 /* Date.swift */ = {isa = PBXFileReference; lastKnownFileType = sourcecode.swift; path = Date.swift; sourceTree = "<group>"; };
		71BC13222A677195000DF7F0 /* ChartView.swift */ = {isa = PBXFileReference; lastKnownFileType = sourcecode.swift; path = ChartView.swift; sourceTree = "<group>"; };
/* End PBXFileReference section */

/* Begin PBXFrameworksBuildPhase section */
		711865B32A15345B00A2C57E /* Frameworks */ = {
			isa = PBXFrameworksBuildPhase;
			buildActionMask = 2147483647;
			files = (
				711865FC2A155F6000A2C57E /* Kingfisher in Frameworks */,
			);
			runOnlyForDeploymentPostprocessing = 0;
		};
/* End PBXFrameworksBuildPhase section */

/* Begin PBXGroup section */
		711865AD2A15345B00A2C57E = {
			isa = PBXGroup;
			children = (
				711865B82A15345B00A2C57E /* SwiftCoinTutorial */,
				711865B72A15345B00A2C57E /* Products */,
			);
			sourceTree = "<group>";
		};
		711865B72A15345B00A2C57E /* Products */ = {
			isa = PBXGroup;
			children = (
				711865B62A15345B00A2C57E /* SwiftCoinTutorial.app */,
			);
			name = Products;
			sourceTree = "<group>";
		};
		711865B82A15345B00A2C57E /* SwiftCoinTutorial */ = {
			isa = PBXGroup;
			children = (
				711865C82A1535BE00A2C57E /* Extensions */,
				711865CB2A1535DD00A2C57E /* App */,
				711865CA2A1535D300A2C57E /* Core */,
				711865C92A1535CA00A2C57E /* Models */,
				711865C72A1535B700A2C57E /* Utils */,
				711865B92A15345B00A2C57E /* SwiftCoinTutorialApp.swift */,
				711865BD2A15345C00A2C57E /* Assets.xcassets */,
				711865BF2A15345C00A2C57E /* Preview Content */,
			);
			path = SwiftCoinTutorial;
			sourceTree = "<group>";
		};
		711865BF2A15345C00A2C57E /* Preview Content */ = {
			isa = PBXGroup;
			children = (
				711865C02A15345C00A2C57E /* Preview Assets.xcassets */,
			);
			path = "Preview Content";
			sourceTree = "<group>";
		};
		711865C72A1535B700A2C57E /* Utils */ = {
			isa = PBXGroup;
			children = (
				71BC13182A674B6E000DF7F0 /* CustomLoadingIndicator.swift */,
			);
			name = Utils;
			sourceTree = "<group>";
		};
		711865C82A1535BE00A2C57E /* Extensions */ = {
			isa = PBXGroup;
			children = (
				711865FD2A156A0500A2C57E /* Double.swift */,
				711866032A156FE400A2C57E /* Color.swift */,
				71BC13122A673FA4000DF7F0 /* PreviewProvider.swift */,
				71BC13202A6770D5000DF7F0 /* Date.swift */,
			);
			path = Extensions;
			sourceTree = "<group>";
		};
		711865C92A1535CA00A2C57E /* Models */ = {
			isa = PBXGroup;
			children = (
				711865F82A154F2B00A2C57E /* Coin.swift */,
				71BC13102A673F2D000DF7F0 /* StatisticModel.swift */,
				71BC13162A674467000DF7F0 /* CoinDetailSectionModel.swift */,
				71BC131C2A6757B0000DF7F0 /* ChatData.swift */,
			);
			path = Models;
			sourceTree = "<group>";
		};
		711865CA2A1535D300A2C57E /* Core */ = {
			isa = PBXGroup;
			children = (
				711865FF2A156DBF00A2C57E /* CoinDetails */,
				711865CC2A15361500A2C57E /* Home */,
			);
			path = Core;
			sourceTree = "<group>";
		};
		711865CB2A1535DD00A2C57E /* App */ = {
			isa = PBXGroup;
			children = (
			);
			path = App;
			sourceTree = "<group>";
		};
		711865CC2A15361500A2C57E /* Home */ = {
			isa = PBXGroup;
			children = (
				711865D42A1537F400A2C57E /* ViewModels */,
				711865D32A1537E900A2C57E /* View */,
			);
			path = Home;
			sourceTree = "<group>";
		};
		711865D32A1537E900A2C57E /* View */ = {
			isa = PBXGroup;
			children = (
				711865CF2A15364C00A2C57E /* HomeView.swift */,
				711865D12A1537E000A2C57E /* TopMoversView.swift */,
				711865D52A15380A00A2C57E /* TopMoversItemView.swift */,
				711865D72A153C9400A2C57E /* AllCoinsView.swift */,
				711865D92A153CAF00A2C57E /* CoinRowView.swift */,
				71BC13222A677195000DF7F0 /* ChartView.swift */,
			);
			path = View;
			sourceTree = "<group>";
		};
		711865D42A1537F400A2C57E /* ViewModels */ = {
			isa = PBXGroup;
			children = (
				711865F62A154B7500A2C57E /* HomeViewModel.swift */,
				71BC131A2A675225000DF7F0 /* CoinDetailsViewModel.swift */,
			);
			path = ViewModels;
			sourceTree = "<group>";
		};
		711865FF2A156DBF00A2C57E /* CoinDetails */ = {
			isa = PBXGroup;
			children = (
				711866002A156DCA00A2C57E /* View */,
			);
			path = CoinDetails;
			sourceTree = "<group>";
		};
		711866002A156DCA00A2C57E /* View */ = {
			isa = PBXGroup;
			children = (
				711866012A156DDF00A2C57E /* CoinDetailsView.swift */,
				71BC13052A673A06000DF7F0 /* CoinDetailsSectionView.swift */,
				71BC13072A673A46000DF7F0 /* StatisticView.swift */,
			);
			path = View;
			sourceTree = "<group>";
		};
/* End PBXGroup section */

/* Begin PBXNativeTarget section */
		711865B52A15345B00A2C57E /* SwiftCoinTutorial */ = {
			isa = PBXNativeTarget;
			buildConfigurationList = 711865C42A15345C00A2C57E /* Build configuration list for PBXNativeTarget "SwiftCoinTutorial" */;
			buildPhases = (
				711865B22A15345B00A2C57E /* Sources */,
				711865B32A15345B00A2C57E /* Frameworks */,
				711865B42A15345B00A2C57E /* Resources */,
			);
			buildRules = (
			);
			dependencies = (
			);
			name = SwiftCoinTutorial;
			packageProductDependencies = (
				711865FB2A155F6000A2C57E /* Kingfisher */,
			);
			productName = SwiftCoinTutorial;
			productReference = 711865B62A15345B00A2C57E /* SwiftCoinTutorial.app */;
			productType = "com.apple.product-type.application";
		};
/* End PBXNativeTarget section */

/* Begin PBXProject section */
		711865AE2A15345B00A2C57E /* Project object */ = {
			isa = PBXProject;
			attributes = {
				BuildIndependentTargetsInParallel = 1;
				LastSwiftUpdateCheck = 1430;
				LastUpgradeCheck = 1430;
				TargetAttributes = {
					711865B52A15345B00A2C57E = {
						CreatedOnToolsVersion = 14.3;
					};
				};
			};
			buildConfigurationList = 711865B12A15345B00A2C57E /* Build configuration list for PBXProject "SwiftCoinTutorial" */;
			compatibilityVersion = "Xcode 14.0";
			developmentRegion = en;
			hasScannedForEncodings = 0;
			knownRegions = (
				en,
				Base,
			);
			mainGroup = 711865AD2A15345B00A2C57E;
			packageReferences = (
				711865FA2A155F6000A2C57E /* XCRemoteSwiftPackageReference "Kingfisher" */,
			);
			productRefGroup = 711865B72A15345B00A2C57E /* Products */;
			projectDirPath = "";
			projectRoot = "";
			targets = (
				711865B52A15345B00A2C57E /* SwiftCoinTutorial */,
			);
		};
/* End PBXProject section */

/* Begin PBXResourcesBuildPhase section */
		711865B42A15345B00A2C57E /* Resources */ = {
			isa = PBXResourcesBuildPhase;
			buildActionMask = 2147483647;
			files = (
				711865C12A15345C00A2C57E /* Preview Assets.xcassets in Resources */,
				711865BE2A15345C00A2C57E /* Assets.xcassets in Resources */,
			);
			runOnlyForDeploymentPostprocessing = 0;
		};
/* End PBXResourcesBuildPhase section */

/* Begin PBXSourcesBuildPhase section */
		711865B22A15345B00A2C57E /* Sources */ = {
			isa = PBXSourcesBuildPhase;
			buildActionMask = 2147483647;
			files = (
				71BC131D2A6757B0000DF7F0 /* ChatData.swift in Sources */,
				71BC13192A674B6E000DF7F0 /* CustomLoadingIndicator.swift in Sources */,
				711865DA2A153CAF00A2C57E /* CoinRowView.swift in Sources */,
				711865BA2A15345B00A2C57E /* SwiftCoinTutorialApp.swift in Sources */,
				711866042A156FE400A2C57E /* Color.swift in Sources */,
				711866022A156DDF00A2C57E /* CoinDetailsView.swift in Sources */,
				71BC13132A673FA4000DF7F0 /* PreviewProvider.swift in Sources */,
				711865F72A154B7500A2C57E /* HomeViewModel.swift in Sources */,
				711865D22A1537E000A2C57E /* TopMoversView.swift in Sources */,
				711865D82A153C9400A2C57E /* AllCoinsView.swift in Sources */,
				711865D02A15364C00A2C57E /* HomeView.swift in Sources */,
				71BC13212A6770D5000DF7F0 /* Date.swift in Sources */,
				71BC131B2A675225000DF7F0 /* CoinDetailsViewModel.swift in Sources */,
				71BC13172A674467000DF7F0 /* CoinDetailSectionModel.swift in Sources */,
				71BC13112A673F2D000DF7F0 /* StatisticModel.swift in Sources */,
				71BC13082A673A46000DF7F0 /* StatisticView.swift in Sources */,
				711865F92A154F2B00A2C57E /* Coin.swift in Sources */,
				71BC13232A677195000DF7F0 /* ChartView.swift in Sources */,
				711865FE2A156A0500A2C57E /* Double.swift in Sources */,
				71BC13062A673A06000DF7F0 /* CoinDetailsSectionView.swift in Sources */,
				711865D62A15380A00A2C57E /* TopMoversItemView.swift in Sources */,
			);
			runOnlyForDeploymentPostprocessing = 0;
		};
/* End PBXSourcesBuildPhase section */

/* Begin XCBuildConfiguration section */
		711865C22A15345C00A2C57E /* Debug */ = {
			isa = XCBuildConfiguration;
			buildSettings = {
				ALWAYS_SEARCH_USER_PATHS = NO;
				CLANG_ANALYZER_NONNULL = YES;
				CLANG_ANALYZER_NUMBER_OBJECT_CONVERSION = YES_AGGRESSIVE;
				CLANG_CXX_LANGUAGE_STANDARD = "gnu++20";
				CLANG_ENABLE_MODULES = YES;
				CLANG_ENABLE_OBJC_ARC = YES;
				CLANG_ENABLE_OBJC_WEAK = YES;
				CLANG_WARN_BLOCK_CAPTURE_AUTORELEASING = YES;
				CLANG_WARN_BOOL_CONVERSION = YES;
				CLANG_WARN_COMMA = YES;
				CLANG_WARN_CONSTANT_CONVERSION = YES;
				CLANG_WARN_DEPRECATED_OBJC_IMPLEMENTATIONS = YES;
				CLANG_WARN_DIRECT_OBJC_ISA_USAGE = YES_ERROR;
				CLANG_WARN_DOCUMENTATION_COMMENTS = YES;
				CLANG_WARN_EMPTY_BODY = YES;
				CLANG_WARN_ENUM_CONVERSION = YES;
				CLANG_WARN_INFINITE_RECURSION = YES;
				CLANG_WARN_INT_CONVERSION = YES;
				CLANG_WARN_NON_LITERAL_NULL_CONVERSION = YES;
				CLANG_WARN_OBJC_IMPLICIT_RETAIN_SELF = YES;
				CLANG_WARN_OBJC_LITERAL_CONVERSION = YES;
				CLANG_WARN_OBJC_ROOT_CLASS = YES_ERROR;
				CLANG_WARN_QUOTED_INCLUDE_IN_FRAMEWORK_HEADER = YES;
				CLANG_WARN_RANGE_LOOP_ANALYSIS = YES;
				CLANG_WARN_STRICT_PROTOTYPES = YES;
				CLANG_WARN_SUSPICIOUS_MOVE = YES;
				CLANG_WARN_UNGUARDED_AVAILABILITY = YES_AGGRESSIVE;
				CLANG_WARN_UNREACHABLE_CODE = YES;
				CLANG_WARN__DUPLICATE_METHOD_MATCH = YES;
				COPY_PHASE_STRIP = NO;
				DEBUG_INFORMATION_FORMAT = dwarf;
				ENABLE_STRICT_OBJC_MSGSEND = YES;
				ENABLE_TESTABILITY = YES;
				GCC_C_LANGUAGE_STANDARD = gnu11;
				GCC_DYNAMIC_NO_PIC = NO;
				GCC_NO_COMMON_BLOCKS = YES;
				GCC_OPTIMIZATION_LEVEL = 0;
				GCC_PREPROCESSOR_DEFINITIONS = (
					"DEBUG=1",
					"$(inherited)",
				);
				GCC_WARN_64_TO_32_BIT_CONVERSION = YES;
				GCC_WARN_ABOUT_RETURN_TYPE = YES_ERROR;
				GCC_WARN_UNDECLARED_SELECTOR = YES;
				GCC_WARN_UNINITIALIZED_AUTOS = YES_AGGRESSIVE;
				GCC_WARN_UNUSED_FUNCTION = YES;
				GCC_WARN_UNUSED_VARIABLE = YES;
				IPHONEOS_DEPLOYMENT_TARGET = 16.4;
				MTL_ENABLE_DEBUG_INFO = INCLUDE_SOURCE;
				MTL_FAST_MATH = YES;
				ONLY_ACTIVE_ARCH = YES;
				SDKROOT = iphoneos;
				SWIFT_ACTIVE_COMPILATION_CONDITIONS = DEBUG;
				SWIFT_OPTIMIZATION_LEVEL = "-Onone";
			};
			name = Debug;
		};
		711865C32A15345C00A2C57E /* Release */ = {
			isa = XCBuildConfiguration;
			buildSettings = {
				ALWAYS_SEARCH_USER_PATHS = NO;
				CLANG_ANALYZER_NONNULL = YES;
				CLANG_ANALYZER_NUMBER_OBJECT_CONVERSION = YES_AGGRESSIVE;
				CLANG_CXX_LANGUAGE_STANDARD = "gnu++20";
				CLANG_ENABLE_MODULES = YES;
				CLANG_ENABLE_OBJC_ARC = YES;
				CLANG_ENABLE_OBJC_WEAK = YES;
				CLANG_WARN_BLOCK_CAPTURE_AUTORELEASING = YES;
				CLANG_WARN_BOOL_CONVERSION = YES;
				CLANG_WARN_COMMA = YES;
				CLANG_WARN_CONSTANT_CONVERSION = YES;
				CLANG_WARN_DEPRECATED_OBJC_IMPLEMENTATIONS = YES;
				CLANG_WARN_DIRECT_OBJC_ISA_USAGE = YES_ERROR;
				CLANG_WARN_DOCUMENTATION_COMMENTS = YES;
				CLANG_WARN_EMPTY_BODY = YES;
				CLANG_WARN_ENUM_CONVERSION = YES;
				CLANG_WARN_INFINITE_RECURSION = YES;
				CLANG_WARN_INT_CONVERSION = YES;
				CLANG_WARN_NON_LITERAL_NULL_CONVERSION = YES;
				CLANG_WARN_OBJC_IMPLICIT_RETAIN_SELF = YES;
				CLANG_WARN_OBJC_LITERAL_CONVERSION = YES;
				CLANG_WARN_OBJC_ROOT_CLASS = YES_ERROR;
				CLANG_WARN_QUOTED_INCLUDE_IN_FRAMEWORK_HEADER = YES;
				CLANG_WARN_RANGE_LOOP_ANALYSIS = YES;
				CLANG_WARN_STRICT_PROTOTYPES = YES;
				CLANG_WARN_SUSPICIOUS_MOVE = YES;
				CLANG_WARN_UNGUARDED_AVAILABILITY = YES_AGGRESSIVE;
				CLANG_WARN_UNREACHABLE_CODE = YES;
				CLANG_WARN__DUPLICATE_METHOD_MATCH = YES;
				COPY_PHASE_STRIP = NO;
				DEBUG_INFORMATION_FORMAT = "dwarf-with-dsym";
				ENABLE_NS_ASSERTIONS = NO;
				ENABLE_STRICT_OBJC_MSGSEND = YES;
				GCC_C_LANGUAGE_STANDARD = gnu11;
				GCC_NO_COMMON_BLOCKS = YES;
				GCC_WARN_64_TO_32_BIT_CONVERSION = YES;
				GCC_WARN_ABOUT_RETURN_TYPE = YES_ERROR;
				GCC_WARN_UNDECLARED_SELECTOR = YES;
				GCC_WARN_UNINITIALIZED_AUTOS = YES_AGGRESSIVE;
				GCC_WARN_UNUSED_FUNCTION = YES;
				GCC_WARN_UNUSED_VARIABLE = YES;
				IPHONEOS_DEPLOYMENT_TARGET = 16.4;
				MTL_ENABLE_DEBUG_INFO = NO;
				MTL_FAST_MATH = YES;
				SDKROOT = iphoneos;
				SWIFT_COMPILATION_MODE = wholemodule;
				SWIFT_OPTIMIZATION_LEVEL = "-O";
				VALIDATE_PRODUCT = YES;
			};
			name = Release;
		};
		711865C52A15345C00A2C57E /* Debug */ = {
			isa = XCBuildConfiguration;
			buildSettings = {
				ASSETCATALOG_COMPILER_APPICON_NAME = AppIcon;
				ASSETCATALOG_COMPILER_GLOBAL_ACCENT_COLOR_NAME = AccentColor;
				CODE_SIGN_STYLE = Automatic;
				CURRENT_PROJECT_VERSION = 1;
				DEVELOPMENT_ASSET_PATHS = "\"SwiftCoinTutorial/Preview Content\"";
				DEVELOPMENT_TEAM = FYX6FHC326;
				ENABLE_PREVIEWS = YES;
				GENERATE_INFOPLIST_FILE = YES;
				INFOPLIST_KEY_UIApplicationSceneManifest_Generation = YES;
				INFOPLIST_KEY_UIApplicationSupportsIndirectInputEvents = YES;
				INFOPLIST_KEY_UILaunchScreen_Generation = YES;
				INFOPLIST_KEY_UISupportedInterfaceOrientations_iPad = "UIInterfaceOrientationPortrait UIInterfaceOrientationPortraitUpsideDown UIInterfaceOrientationLandscapeLeft UIInterfaceOrientationLandscapeRight";
				INFOPLIST_KEY_UISupportedInterfaceOrientations_iPhone = "UIInterfaceOrientationPortrait UIInterfaceOrientationLandscapeLeft UIInterfaceOrientationLandscapeRight";
				LD_RUNPATH_SEARCH_PATHS = (
					"$(inherited)",
					"@executable_path/Frameworks",
				);
				MARKETING_VERSION = 1.0;
				PRODUCT_BUNDLE_IDENTIFIER = devraysingh.SwiftCoinTutorial;
				PRODUCT_NAME = "$(TARGET_NAME)";
				SWIFT_EMIT_LOC_STRINGS = YES;
				SWIFT_VERSION = 5.0;
				TARGETED_DEVICE_FAMILY = "1,2";
			};
			name = Debug;
		};
		711865C62A15345C00A2C57E /* Release */ = {
			isa = XCBuildConfiguration;
			buildSettings = {
				ASSETCATALOG_COMPILER_APPICON_NAME = AppIcon;
				ASSETCATALOG_COMPILER_GLOBAL_ACCENT_COLOR_NAME = AccentColor;
				CODE_SIGN_STYLE = Automatic;
				CURRENT_PROJECT_VERSION = 1;
				DEVELOPMENT_ASSET_PATHS = "\"SwiftCoinTutorial/Preview Content\"";
				DEVELOPMENT_TEAM = FYX6FHC326;
				ENABLE_PREVIEWS = YES;
				GENERATE_INFOPLIST_FILE = YES;
				INFOPLIST_KEY_UIApplicationSceneManifest_Generation = YES;
				INFOPLIST_KEY_UIApplicationSupportsIndirectInputEvents = YES;
				INFOPLIST_KEY_UILaunchScreen_Generation = YES;
				INFOPLIST_KEY_UISupportedInterfaceOrientations_iPad = "UIInterfaceOrientationPortrait UIInterfaceOrientationPortraitUpsideDown UIInterfaceOrientationLandscapeLeft UIInterfaceOrientationLandscapeRight";
				INFOPLIST_KEY_UISupportedInterfaceOrientations_iPhone = "UIInterfaceOrientationPortrait UIInterfaceOrientationLandscapeLeft UIInterfaceOrientationLandscapeRight";
				LD_RUNPATH_SEARCH_PATHS = (
					"$(inherited)",
					"@executable_path/Frameworks",
				);
				MARKETING_VERSION = 1.0;
				PRODUCT_BUNDLE_IDENTIFIER = devraysingh.SwiftCoinTutorial;
				PRODUCT_NAME = "$(TARGET_NAME)";
				SWIFT_EMIT_LOC_STRINGS = YES;
				SWIFT_VERSION = 5.0;
				TARGETED_DEVICE_FAMILY = "1,2";
			};
			name = Release;
		};
/* End XCBuildConfiguration section */

/* Begin XCConfigurationList section */
		711865B12A15345B00A2C57E /* Build configuration list for PBXProject "SwiftCoinTutorial" */ = {
			isa = XCConfigurationList;
			buildConfigurations = (
				711865C22A15345C00A2C57E /* Debug */,
				711865C32A15345C00A2C57E /* Release */,
			);
			defaultConfigurationIsVisible = 0;
			defaultConfigurationName = Release;
		};
		711865C42A15345C00A2C57E /* Build configuration list for PBXNativeTarget "SwiftCoinTutorial" */ = {
			isa = XCConfigurationList;
			buildConfigurations = (
				711865C52A15345C00A2C57E /* Debug */,
				711865C62A15345C00A2C57E /* Release */,
			);
			defaultConfigurationIsVisible = 0;
			defaultConfigurationName = Release;
		};
/* End XCConfigurationList section */

/* Begin XCRemoteSwiftPackageReference section */
		711865FA2A155F6000A2C57E /* XCRemoteSwiftPackageReference "Kingfisher" */ = {
			isa = XCRemoteSwiftPackageReference;
			repositoryURL = "https://github.com/onevcat/Kingfisher.git";
			requirement = {
				kind = upToNextMajorVersion;
				minimumVersion = 7.0.0;
			};
		};
/* End XCRemoteSwiftPackageReference section */

/* Begin XCSwiftPackageProductDependency section */
		711865FB2A155F6000A2C57E /* Kingfisher */ = {
			isa = XCSwiftPackageProductDependency;
			package = 711865FA2A155F6000A2C57E /* XCRemoteSwiftPackageReference "Kingfisher" */;
			productName = Kingfisher;
		};
/* End XCSwiftPackageProductDependency section */
	};
	rootObject = 711865AE2A15345B00A2C57E /* Project object */;
}
